
Microsoft Visual Studio Solution File, Format Version 12.00
# Visual Studio Version 17
VisualStudioVersion = 17.2.32630.192
MinimumVisualStudioVersion = 10.0.40219.1
Project("{FAE04EC0-301F-11D3-BF4B-00C04F79EFBC}") = "SignalR Chat", "SignalR Chat\SignalR Chat.csproj", "{1432F7A0-94F3-4855-BA7F-25A8B16E6E68}"
EndProject
Global
	GlobalSection(SolutionConfigurationPlatforms) = preSolution
		Debug|Any CPU = Debug|Any CPU
		Release|Any CPU = Release|Any CPU
	EndGlobalSection
	GlobalSection(ProjectConfigurationPlatforms) = postSolution
		{1432F7A0-94F3-4855-BA7F-25A8B16E6E68}.Debug|Any CPU.ActiveCfg = Debug|Any CPU
		{1432F7A0-94F3-4855-BA7F-25A8B16E6E68}.Debug|Any CPU.Build.0 = Debug|Any CPU
		{1432F7A0-94F3-4855-BA7F-25A8B16E6E68}.Release|Any CPU.ActiveCfg = Release|Any CPU
		{1432F7A0-94F3-4855-BA7F-25A8B16E6E68}.Release|Any CPU.Build.0 = Release|Any CPU
	EndGlobalSection
	GlobalSection(SolutionProperties) = preSolution
		HideSolutionNode = FALSE
	EndGlobalSection
	GlobalSection(ExtensibilityGlobals) = postSolution
		SolutionGuid = {FF9759E9-23FC-4AB0-8EC1-412C20B3AD83}
	EndGlobalSection
EndGlobal
