
Microsoft Visual Studio Solution File, Format Version 12.00
# Visual Studio Version 17
VisualStudioVersion = 17.2.32630.192
MinimumVisualStudioVersion = 10.0.40219.1
Project("{FAE04EC0-301F-11D3-BF4B-00C04F79EFBC}") = "ForumApp", "ForumApp\ForumApp.csproj", "{4B264FEE-5FBC-4282-9E21-44D818D94E0A}"
EndProject
Project("{FAE04EC0-301F-11D3-BF4B-00C04F79EFBC}") = "ForumApp.Data", "ForumApp.Data\ForumApp.Data.csproj", "{F8ACFF80-E067-4CC2-85F9-F4B02ECCAC53}"
EndProject
Global
	GlobalSection(SolutionConfigurationPlatforms) = preSolution
		Debug|Any CPU = Debug|Any CPU
		Release|Any CPU = Release|Any CPU
	EndGlobalSection
	GlobalSection(ProjectConfigurationPlatforms) = postSolution
		{4B264FEE-5FBC-4282-9E21-44D818D94E0A}.Debug|Any CPU.ActiveCfg = Debug|Any CPU
		{4B264FEE-5FBC-4282-9E21-44D818D94E0A}.Debug|Any CPU.Build.0 = Debug|Any CPU
		{4B264FEE-5FBC-4282-9E21-44D818D94E0A}.Release|Any CPU.ActiveCfg = Release|Any CPU
		{4B264FEE-5FBC-4282-9E21-44D818D94E0A}.Release|Any CPU.Build.0 = Release|Any CPU
		{F8ACFF80-E067-4CC2-85F9-F4B02ECCAC53}.Debug|Any CPU.ActiveCfg = Debug|Any CPU
		{F8ACFF80-E067-4CC2-85F9-F4B02ECCAC53}.Debug|Any CPU.Build.0 = Debug|Any CPU
		{F8ACFF80-E067-4CC2-85F9-F4B02ECCAC53}.Release|Any CPU.ActiveCfg = Release|Any CPU
		{F8ACFF80-E067-4CC2-85F9-F4B02ECCAC53}.Release|Any CPU.Build.0 = Release|Any CPU
	EndGlobalSection
	GlobalSection(SolutionProperties) = preSolution
		HideSolutionNode = FALSE
	EndGlobalSection
	GlobalSection(ExtensibilityGlobals) = postSolution
		SolutionGuid = {16B28228-B02A-4995-AD63-FE7D6873E1C1}
	EndGlobalSection
EndGlobal
